
Microsoft Visual Studio Solution File, Format Version 12.00
# Visual Studio 15
VisualStudioVersion = 15.0.26430.6
MinimumVisualStudioVersion = 10.0.40219.1
Project("{2150E333-8FDC-42A3-9474-1A3956D46DE8}") = "Uwp", "Uwp", "{D4088799-F32D-4F39-9B01-B4C0A62C5C58}"
EndProject
Project("{FAE04EC0-301F-11D3-BF4B-00C04F79EFBC}") = "JsonLib.Uwp", "JsonLib.Uwp\JsonLib.Uwp.csproj", "{EF99BDE1-0FBE-435C-9EA1-EB7F8AF1B82D}"
EndProject
Project("{2150E333-8FDC-42A3-9474-1A3956D46DE8}") = "Net", "Net", "{B7501F79-F138-4BBE-B881-E0E09BDB8A22}"
EndProject
Project("{FAE04EC0-301F-11D3-BF4B-00C04F79EFBC}") = "JsonLib", "JsonLib\JsonLib.csproj", "{6DEF9D3D-03B3-486B-8AB5-F8DB8D7DBF13}"
EndProject
Project("{FAE04EC0-301F-11D3-BF4B-00C04F79EFBC}") = "JsonLibTest", "JsonLibTest\JsonLibTest.csproj", "{425FEFC8-1DA9-4969-8F00-9D8389EDBBD3}"
EndProject
Project("{FAE04EC0-301F-11D3-BF4B-00C04F79EFBC}") = "JsonLibPerfTest", "JsonLibPerfTest\JsonLibPerfTest.csproj", "{B96BD9E0-C88F-4316-AB0E-173013D70137}"
EndProject
Project("{FAE04EC0-301F-11D3-BF4B-00C04F79EFBC}") = "JsonLibUwpTest", "JsonLibUwpTest\JsonLibUwpTest.csproj", "{35B2823C-AF83-408E-9F97-696135A92A29}"
EndProject
Global
	GlobalSection(SolutionConfigurationPlatforms) = preSolution
		Debug|Any CPU = Debug|Any CPU
		Debug|ARM = Debug|ARM
		Debug|x64 = Debug|x64
		Debug|x86 = Debug|x86
		Release|Any CPU = Release|Any CPU
		Release|ARM = Release|ARM
		Release|x64 = Release|x64
		Release|x86 = Release|x86
	EndGlobalSection
	GlobalSection(ProjectConfigurationPlatforms) = postSolution
		{EF99BDE1-0FBE-435C-9EA1-EB7F8AF1B82D}.Debug|Any CPU.ActiveCfg = Debug|Any CPU
		{EF99BDE1-0FBE-435C-9EA1-EB7F8AF1B82D}.Debug|Any CPU.Build.0 = Debug|Any CPU
		{EF99BDE1-0FBE-435C-9EA1-EB7F8AF1B82D}.Debug|ARM.ActiveCfg = Debug|ARM
		{EF99BDE1-0FBE-435C-9EA1-EB7F8AF1B82D}.Debug|ARM.Build.0 = Debug|ARM
		{EF99BDE1-0FBE-435C-9EA1-EB7F8AF1B82D}.Debug|x64.ActiveCfg = Debug|x64
		{EF99BDE1-0FBE-435C-9EA1-EB7F8AF1B82D}.Debug|x64.Build.0 = Debug|x64
		{EF99BDE1-0FBE-435C-9EA1-EB7F8AF1B82D}.Debug|x86.ActiveCfg = Debug|x86
		{EF99BDE1-0FBE-435C-9EA1-EB7F8AF1B82D}.Debug|x86.Build.0 = Debug|x86
		{EF99BDE1-0FBE-435C-9EA1-EB7F8AF1B82D}.Release|Any CPU.ActiveCfg = Release|Any CPU
		{EF99BDE1-0FBE-435C-9EA1-EB7F8AF1B82D}.Release|Any CPU.Build.0 = Release|Any CPU
		{EF99BDE1-0FBE-435C-9EA1-EB7F8AF1B82D}.Release|ARM.ActiveCfg = Release|ARM
		{EF99BDE1-0FBE-435C-9EA1-EB7F8AF1B82D}.Release|ARM.Build.0 = Release|ARM
		{EF99BDE1-0FBE-435C-9EA1-EB7F8AF1B82D}.Release|x64.ActiveCfg = Release|x64
		{EF99BDE1-0FBE-435C-9EA1-EB7F8AF1B82D}.Release|x64.Build.0 = Release|x64
		{EF99BDE1-0FBE-435C-9EA1-EB7F8AF1B82D}.Release|x86.ActiveCfg = Release|x86
		{EF99BDE1-0FBE-435C-9EA1-EB7F8AF1B82D}.Release|x86.Build.0 = Release|x86
		{6DEF9D3D-03B3-486B-8AB5-F8DB8D7DBF13}.Debug|Any CPU.ActiveCfg = Debug|Any CPU
		{6DEF9D3D-03B3-486B-8AB5-F8DB8D7DBF13}.Debug|Any CPU.Build.0 = Debug|Any CPU
		{6DEF9D3D-03B3-486B-8AB5-F8DB8D7DBF13}.Debug|ARM.ActiveCfg = Debug|Any CPU
		{6DEF9D3D-03B3-486B-8AB5-F8DB8D7DBF13}.Debug|ARM.Build.0 = Debug|Any CPU
		{6DEF9D3D-03B3-486B-8AB5-F8DB8D7DBF13}.Debug|x64.ActiveCfg = Debug|Any CPU
		{6DEF9D3D-03B3-486B-8AB5-F8DB8D7DBF13}.Debug|x64.Build.0 = Debug|Any CPU
		{6DEF9D3D-03B3-486B-8AB5-F8DB8D7DBF13}.Debug|x86.ActiveCfg = Debug|Any CPU
		{6DEF9D3D-03B3-486B-8AB5-F8DB8D7DBF13}.Debug|x86.Build.0 = Debug|Any CPU
		{6DEF9D3D-03B3-486B-8AB5-F8DB8D7DBF13}.Release|Any CPU.ActiveCfg = Release|Any CPU
		{6DEF9D3D-03B3-486B-8AB5-F8DB8D7DBF13}.Release|Any CPU.Build.0 = Release|Any CPU
		{6DEF9D3D-03B3-486B-8AB5-F8DB8D7DBF13}.Release|ARM.ActiveCfg = Release|Any CPU
		{6DEF9D3D-03B3-486B-8AB5-F8DB8D7DBF13}.Release|ARM.Build.0 = Release|Any CPU
		{6DEF9D3D-03B3-486B-8AB5-F8DB8D7DBF13}.Release|x64.ActiveCfg = Release|Any CPU
		{6DEF9D3D-03B3-486B-8AB5-F8DB8D7DBF13}.Release|x64.Build.0 = Release|Any CPU
		{6DEF9D3D-03B3-486B-8AB5-F8DB8D7DBF13}.Release|x86.ActiveCfg = Release|Any CPU
		{6DEF9D3D-03B3-486B-8AB5-F8DB8D7DBF13}.Release|x86.Build.0 = Release|Any CPU
		{425FEFC8-1DA9-4969-8F00-9D8389EDBBD3}.Debug|Any CPU.ActiveCfg = Debug|Any CPU
		{425FEFC8-1DA9-4969-8F00-9D8389EDBBD3}.Debug|Any CPU.Build.0 = Debug|Any CPU
		{425FEFC8-1DA9-4969-8F00-9D8389EDBBD3}.Debug|ARM.ActiveCfg = Debug|Any CPU
		{425FEFC8-1DA9-4969-8F00-9D8389EDBBD3}.Debug|ARM.Build.0 = Debug|Any CPU
		{425FEFC8-1DA9-4969-8F00-9D8389EDBBD3}.Debug|x64.ActiveCfg = Debug|Any CPU
		{425FEFC8-1DA9-4969-8F00-9D8389EDBBD3}.Debug|x64.Build.0 = Debug|Any CPU
		{425FEFC8-1DA9-4969-8F00-9D8389EDBBD3}.Debug|x86.ActiveCfg = Debug|Any CPU
		{425FEFC8-1DA9-4969-8F00-9D8389EDBBD3}.Debug|x86.Build.0 = Debug|Any CPU
		{425FEFC8-1DA9-4969-8F00-9D8389EDBBD3}.Release|Any CPU.ActiveCfg = Release|Any CPU
		{425FEFC8-1DA9-4969-8F00-9D8389EDBBD3}.Release|Any CPU.Build.0 = Release|Any CPU
		{425FEFC8-1DA9-4969-8F00-9D8389EDBBD3}.Release|ARM.ActiveCfg = Release|Any CPU
		{425FEFC8-1DA9-4969-8F00-9D8389EDBBD3}.Release|ARM.Build.0 = Release|Any CPU
		{425FEFC8-1DA9-4969-8F00-9D8389EDBBD3}.Release|x64.ActiveCfg = Release|Any CPU
		{425FEFC8-1DA9-4969-8F00-9D8389EDBBD3}.Release|x64.Build.0 = Release|Any CPU
		{425FEFC8-1DA9-4969-8F00-9D8389EDBBD3}.Release|x86.ActiveCfg = Release|Any CPU
		{425FEFC8-1DA9-4969-8F00-9D8389EDBBD3}.Release|x86.Build.0 = Release|Any CPU
		{B96BD9E0-C88F-4316-AB0E-173013D70137}.Debug|Any CPU.ActiveCfg = Debug|Any CPU
		{B96BD9E0-C88F-4316-AB0E-173013D70137}.Debug|Any CPU.Build.0 = Debug|Any CPU
		{B96BD9E0-C88F-4316-AB0E-173013D70137}.Debug|ARM.ActiveCfg = Debug|Any CPU
		{B96BD9E0-C88F-4316-AB0E-173013D70137}.Debug|ARM.Build.0 = Debug|Any CPU
		{B96BD9E0-C88F-4316-AB0E-173013D70137}.Debug|x64.ActiveCfg = Debug|Any CPU
		{B96BD9E0-C88F-4316-AB0E-173013D70137}.Debug|x64.Build.0 = Debug|Any CPU
		{B96BD9E0-C88F-4316-AB0E-173013D70137}.Debug|x86.ActiveCfg = Debug|Any CPU
		{B96BD9E0-C88F-4316-AB0E-173013D70137}.Debug|x86.Build.0 = Debug|Any CPU
		{B96BD9E0-C88F-4316-AB0E-173013D70137}.Release|Any CPU.ActiveCfg = Release|Any CPU
		{B96BD9E0-C88F-4316-AB0E-173013D70137}.Release|Any CPU.Build.0 = Release|Any CPU
		{B96BD9E0-C88F-4316-AB0E-173013D70137}.Release|ARM.ActiveCfg = Release|Any CPU
		{B96BD9E0-C88F-4316-AB0E-173013D70137}.Release|ARM.Build.0 = Release|Any CPU
		{B96BD9E0-C88F-4316-AB0E-173013D70137}.Release|x64.ActiveCfg = Release|Any CPU
		{B96BD9E0-C88F-4316-AB0E-173013D70137}.Release|x64.Build.0 = Release|Any CPU
		{B96BD9E0-C88F-4316-AB0E-173013D70137}.Release|x86.ActiveCfg = Release|Any CPU
		{B96BD9E0-C88F-4316-AB0E-173013D70137}.Release|x86.Build.0 = Release|Any CPU
		{35B2823C-AF83-408E-9F97-696135A92A29}.Debug|Any CPU.ActiveCfg = Debug|x86
		{35B2823C-AF83-408E-9F97-696135A92A29}.Debug|ARM.ActiveCfg = Debug|ARM
		{35B2823C-AF83-408E-9F97-696135A92A29}.Debug|ARM.Build.0 = Debug|ARM
		{35B2823C-AF83-408E-9F97-696135A92A29}.Debug|ARM.Deploy.0 = Debug|ARM
		{35B2823C-AF83-408E-9F97-696135A92A29}.Debug|x64.ActiveCfg = Debug|x64
		{35B2823C-AF83-408E-9F97-696135A92A29}.Debug|x64.Build.0 = Debug|x64
		{35B2823C-AF83-408E-9F97-696135A92A29}.Debug|x64.Deploy.0 = Debug|x64
		{35B2823C-AF83-408E-9F97-696135A92A29}.Debug|x86.ActiveCfg = Debug|x86
		{35B2823C-AF83-408E-9F97-696135A92A29}.Debug|x86.Build.0 = Debug|x86
		{35B2823C-AF83-408E-9F97-696135A92A29}.Debug|x86.Deploy.0 = Debug|x86
		{35B2823C-AF83-408E-9F97-696135A92A29}.Release|Any CPU.ActiveCfg = Release|x86
		{35B2823C-AF83-408E-9F97-696135A92A29}.Release|ARM.ActiveCfg = Release|ARM
		{35B2823C-AF83-408E-9F97-696135A92A29}.Release|ARM.Build.0 = Release|ARM
		{35B2823C-AF83-408E-9F97-696135A92A29}.Release|ARM.Deploy.0 = Release|ARM
		{35B2823C-AF83-408E-9F97-696135A92A29}.Release|x64.ActiveCfg = Release|x64
		{35B2823C-AF83-408E-9F97-696135A92A29}.Release|x64.Build.0 = Release|x64
		{35B2823C-AF83-408E-9F97-696135A92A29}.Release|x64.Deploy.0 = Release|x64
		{35B2823C-AF83-408E-9F97-696135A92A29}.Release|x86.ActiveCfg = Release|x86
		{35B2823C-AF83-408E-9F97-696135A92A29}.Release|x86.Build.0 = Release|x86
		{35B2823C-AF83-408E-9F97-696135A92A29}.Release|x86.Deploy.0 = Release|x86
	EndGlobalSection
	GlobalSection(SolutionProperties) = preSolution
		HideSolutionNode = FALSE
	EndGlobalSection
	GlobalSection(NestedProjects) = preSolution
		{EF99BDE1-0FBE-435C-9EA1-EB7F8AF1B82D} = {D4088799-F32D-4F39-9B01-B4C0A62C5C58}
		{6DEF9D3D-03B3-486B-8AB5-F8DB8D7DBF13} = {B7501F79-F138-4BBE-B881-E0E09BDB8A22}
		{425FEFC8-1DA9-4969-8F00-9D8389EDBBD3} = {B7501F79-F138-4BBE-B881-E0E09BDB8A22}
		{B96BD9E0-C88F-4316-AB0E-173013D70137} = {B7501F79-F138-4BBE-B881-E0E09BDB8A22}
		{35B2823C-AF83-408E-9F97-696135A92A29} = {D4088799-F32D-4F39-9B01-B4C0A62C5C58}
	EndGlobalSection
EndGlobal
